// !$*UTF8*$!
{
	archiveVersion = 1;
	classes = {
	};
	objectVersion = 44;
	objects = {

/* Begin PBXBuildFile section */
		6014B57E14A3BEC000E2A10D /* hanulim2a.png in Resources */ = {isa = PBXBuildFile; fileRef = 6014B57714A3BEC000E2A10D /* hanulim2a.png */; };
		6014B57F14A3BEC000E2A10D /* hanulim3.png in Resources */ = {isa = PBXBuildFile; fileRef = 6014B57814A3BEC000E2A10D /* hanulim3.png */; };
		6014B58014A3BEC000E2A10D /* hanulim3a.png in Resources */ = {isa = PBXBuildFile; fileRef = 6014B57914A3BEC000E2A10D /* hanulim3a.png */; };
		6014B58114A3BEC000E2A10D /* hanulim3n.png in Resources */ = {isa = PBXBuildFile; fileRef = 6014B57A14A3BEC000E2A10D /* hanulim3n.png */; };
		6014B58214A3BEC000E2A10D /* hanulim3o.png in Resources */ = {isa = PBXBuildFile; fileRef = 6014B57B14A3BEC000E2A10D /* hanulim3o.png */; };
		602B177114D20FF300C60301 /* hanulim2.png in Resources */ = {isa = PBXBuildFile; fileRef = 602B176514D20FF300C60301 /* hanulim2.png */; };
		602B177214D20FF300C60301 /* hanulim2@2x.png in Resources */ = {isa = PBXBuildFile; fileRef = 602B176614D20FF300C60301 /* hanulim2@2x.png */; };
		602B177314D20FF300C60301 /* hanulim2a.png in Resources */ = {isa = PBXBuildFile; fileRef = 602B176714D20FF300C60301 /* hanulim2a.png */; };
		602B177414D20FF300C60301 /* hanulim2a@2x.png in Resources */ = {isa = PBXBuildFile; fileRef = 602B176814D20FF300C60301 /* hanulim2a@2x.png */; };
		602B177514D20FF300C60301 /* hanulim3.png in Resources */ = {isa = PBXBuildFile; fileRef = 602B176914D20FF300C60301 /* hanulim3.png */; };
		602B177614D20FF300C60301 /* hanulim3@2x.png in Resources */ = {isa = PBXBuildFile; fileRef = 602B176A14D20FF300C60301 /* hanulim3@2x.png */; };
		602B177714D20FF300C60301 /* hanulim3a.png in Resources */ = {isa = PBXBuildFile; fileRef = 602B176B14D20FF300C60301 /* hanulim3a.png */; };
		602B177814D20FF300C60301 /* hanulim3a@2x.png in Resources */ = {isa = PBXBuildFile; fileRef = 602B176C14D20FF300C60301 /* hanulim3a@2x.png */; };
		602B177914D20FF300C60301 /* hanulim3n.png in Resources */ = {isa = PBXBuildFile; fileRef = 602B176D14D20FF300C60301 /* hanulim3n.png */; };
		602B177A14D20FF300C60301 /* hanulim3n@2x.png in Resources */ = {isa = PBXBuildFile; fileRef = 602B176E14D20FF300C60301 /* hanulim3n@2x.png */; };
		602B177B14D20FF300C60301 /* hanulim3o.png in Resources */ = {isa = PBXBuildFile; fileRef = 602B176F14D20FF300C60301 /* hanulim3o.png */; };
		602B177C14D20FF300C60301 /* hanulim3o@2x.png in Resources */ = {isa = PBXBuildFile; fileRef = 602B177014D20FF300C60301 /* hanulim3o@2x.png */; };
		60A1C37E14B70EAE001507C2 /* hanulim.png in Resources */ = {isa = PBXBuildFile; fileRef = 60A1C37C14B70EAE001507C2 /* hanulim.png */; };
		60A1C38114B70EB8001507C2 /* hanulim.icns in Resources */ = {isa = PBXBuildFile; fileRef = 60A1C38014B70EB8001507C2 /* hanulim.icns */; };
		74BEAC0E0E4A9FB5001AA535 /* preferences.xib in Resources */ = {isa = PBXBuildFile; fileRef = 74BEAC0D0E4A9FB5001AA535 /* preferences.xib */; };
		74BEAC140E4A9FEA001AA535 /* MainMenu.xib in Resources */ = {isa = PBXBuildFile; fileRef = 74BEAC130E4A9FEA001AA535 /* MainMenu.xib */; };
		74BEAC190E4AA00A001AA535 /* InfoPlist.strings in Resources */ = {isa = PBXBuildFile; fileRef = 74BEAC180E4AA00A001AA535 /* InfoPlist.strings */; };
		8D11072D0486CEB800E47090 /* main.m in Sources */ = {isa = PBXBuildFile; fileRef = 29B97316FDCFA39411CA2CEA /* main.m */; settings = {ATTRIBUTES = (); }; };
		8D11072F0486CEB800E47090 /* Cocoa.framework in Frameworks */ = {isa = PBXBuildFile; fileRef = 1058C7A1FEA54F0111CA2CBB /* Cocoa.framework */; };
		CF0576FB0E103B7400F8DA39 /* Abbrevs.xcdatamodel in Sources */ = {isa = PBXBuildFile; fileRef = CF0576FA0E103B7400F8DA39 /* Abbrevs.xcdatamodel */; };
		CF3E863D0E0BE3E000F1116F /* Cocoa.framework in Frameworks */ = {isa = PBXBuildFile; fileRef = 1058C7A1FEA54F0111CA2CBB /* Cocoa.framework */; };
		CF3E86440E0BE52100F1116F /* main.m in Sources */ = {isa = PBXBuildFile; fileRef = CF3E86430E0BE52100F1116F /* main.m */; };
		CF3E864D0E0BE63100F1116F /* InfoPlist.strings in Resources */ = {isa = PBXBuildFile; fileRef = CF3E864B0E0BE63100F1116F /* InfoPlist.strings */; };
		CF3E86510E0BE67600F1116F /* MainMenu.xib in Resources */ = {isa = PBXBuildFile; fileRef = CF3E864F0E0BE67600F1116F /* MainMenu.xib */; };
		CF3E86540E0BE69500F1116F /* AEAppDelegate.m in Sources */ = {isa = PBXBuildFile; fileRef = CF3E86530E0BE69500F1116F /* AEAppDelegate.m */; };
		CF3E86630E0BEE8000F1116F /* AbbrevEdit.app in Copy Files */ = {isa = PBXBuildFile; fileRef = CF3E85ED0E0BDE2F00F1116F /* AbbrevEdit.app */; };
		CF4198760E1048DC00A2BE4A /* Abbrevs.xcdatamodel in Sources */ = {isa = PBXBuildFile; fileRef = CF0576FA0E103B7400F8DA39 /* Abbrevs.xcdatamodel */; };
		CF4198B30E12B45600A2BE4A /* main.m in Sources */ = {isa = PBXBuildFile; fileRef = CF4198B20E12B45600A2BE4A /* main.m */; };
		CF4198B80E14576C00A2BE4A /* Abbrevs.xcdatamodel in Sources */ = {isa = PBXBuildFile; fileRef = CF0576FA0E103B7400F8DA39 /* Abbrevs.xcdatamodel */; };
		CF4198B90E14577E00A2BE4A /* HNDataController.m in Sources */ = {isa = PBXBuildFile; fileRef = CFE976370E0E07C0000061D6 /* HNDataController.m */; };
		CF4198C10E14584500A2BE4A /* CoreData.framework in Frameworks */ = {isa = PBXBuildFile; fileRef = 13E42FB307B3F0F600E4EEF1 /* CoreData.framework */; };
		CF4198C40E1459F200A2BE4A /* Foundation.framework in Frameworks */ = {isa = PBXBuildFile; fileRef = 29B97325FDCFA39411CA2CEA /* Foundation.framework */; };
		CF4CD5DA0CD50F3E00E2A2F5 /* HNInputController.m in Sources */ = {isa = PBXBuildFile; fileRef = CF4CD5D70CD50F3E00E2A2F5 /* HNInputController.m */; };
		CF4CD5E20CD50F9700E2A2F5 /* InputMethodKit.framework in Frameworks */ = {isa = PBXBuildFile; fileRef = CF4CD5E10CD50F9700E2A2F5 /* InputMethodKit.framework */; };
		CF571FE80E1A56F20075397A /* HNCandidates.m in Sources */ = {isa = PBXBuildFile; fileRef = CF571FE70E1A56F20075397A /* HNCandidates.m */; };
		CF63059F0E34F7C8009E6A72 /* HNUserDefaults.m in Sources */ = {isa = PBXBuildFile; fileRef = CF63059E0E34F7C8009E6A72 /* HNUserDefaults.m */; };
		CF675A4B143223D500295A97 /* abbrevtool in Resources */ = {isa = PBXBuildFile; fileRef = CF4198950E12ADDF00A2BE4A /* abbrevtool */; };
		CFA3DEDC0E03BD5A00BF8CD5 /* HNCandidatesController.m in Sources */ = {isa = PBXBuildFile; fileRef = CFA3DEDB0E03BD5A00BF8CD5 /* HNCandidatesController.m */; };
		CFCD185F0CD613DA00213F4E /* HNAppController.m in Sources */ = {isa = PBXBuildFile; fileRef = CFCD185E0CD613DA00213F4E /* HNAppController.m */; };
		CFCD19C60CDA333A00213F4E /* HNInputContext.m in Sources */ = {isa = PBXBuildFile; fileRef = CFCD19C50CDA333A00213F4E /* HNInputContext.m */; };
		CFD961C90E1675B0006710FF /* ATImport.m in Sources */ = {isa = PBXBuildFile; fileRef = CFD961C80E1675B0006710FF /* ATImport.m */; };
		CFE976380E0E07C0000061D6 /* HNDataController.m in Sources */ = {isa = PBXBuildFile; fileRef = CFE976370E0E07C0000061D6 /* HNDataController.m */; };
		CFE976490E0E0EF8000061D6 /* HNDataController.m in Sources */ = {isa = PBXBuildFile; fileRef = CFE976370E0E07C0000061D6 /* HNDataController.m */; };
/* End PBXBuildFile section */

/* Begin PBXContainerItemProxy section */
		CF3E86020E0BDEB600F1116F /* PBXContainerItemProxy */ = {
			isa = PBXContainerItemProxy;
			containerPortal = 29B97313FDCFA39411CA2CEA /* Project object */;
			proxyType = 1;
			remoteGlobalIDString = CF3E85EC0E0BDE2F00F1116F;
			remoteInfo = AbbrevEdit;
		};
		CF41989B0E12B2F100A2BE4A /* PBXContainerItemProxy */ = {
			isa = PBXContainerItemProxy;
			containerPortal = 29B97313FDCFA39411CA2CEA /* Project object */;
			proxyType = 1;
			remoteGlobalIDString = CF4198940E12ADDF00A2BE4A;
			remoteInfo = abbrevtool;
		};
/* End PBXContainerItemProxy section */

/* Begin PBXCopyFilesBuildPhase section */
		CF3E86660E0BEEA600F1116F /* Copy Files */ = {
			isa = PBXCopyFilesBuildPhase;
			buildActionMask = 2147483647;
			dstPath = "";
			dstSubfolderSpec = 12;
			files = (
				CF3E86630E0BEE8000F1116F /* AbbrevEdit.app in Copy Files */,
			);
			name = "Copy Files";
			runOnlyForDeploymentPostprocessing = 0;
		};
/* End PBXCopyFilesBuildPhase section */

/* Begin PBXFileReference section */
		089C165DFE840E0CC02AAC07 /* en */ = {isa = PBXFileReference; fileEncoding = 4; lastKnownFileType = text.plist.strings; name = en; path = InputMethod/en.lproj/InfoPlist.strings; sourceTree = "<group>"; };
		1058C7A1FEA54F0111CA2CBB /* Cocoa.framework */ = {isa = PBXFileReference; lastKnownFileType = wrapper.framework; name = Cocoa.framework; path = /System/Library/Frameworks/Cocoa.framework; sourceTree = "<absolute>"; };
		13E42FB307B3F0F600E4EEF1 /* CoreData.framework */ = {isa = PBXFileReference; lastKnownFileType = wrapper.framework; name = CoreData.framework; path = /System/Library/Frameworks/CoreData.framework; sourceTree = "<absolute>"; };
		29B97316FDCFA39411CA2CEA /* main.m */ = {isa = PBXFileReference; fileEncoding = 4; lastKnownFileType = sourcecode.c.objc; name = main.m; path = InputMethod/main.m; sourceTree = "<group>"; };
		29B97324FDCFA39411CA2CEA /* AppKit.framework */ = {isa = PBXFileReference; lastKnownFileType = wrapper.framework; name = AppKit.framework; path = /System/Library/Frameworks/AppKit.framework; sourceTree = "<absolute>"; };
		29B97325FDCFA39411CA2CEA /* Foundation.framework */ = {isa = PBXFileReference; lastKnownFileType = wrapper.framework; name = Foundation.framework; path = /System/Library/Frameworks/Foundation.framework; sourceTree = "<absolute>"; };
		32CA4F630368D1EE00C91783 /* Hanulim_Prefix.pch */ = {isa = PBXFileReference; fileEncoding = 4; lastKnownFileType = sourcecode.c.h; name = Hanulim_Prefix.pch; path = InputMethod/Hanulim_Prefix.pch; sourceTree = "<group>"; };
		6014B57714A3BEC000E2A10D /* hanulim2a.png */ = {isa = PBXFileReference; lastKnownFileType = image.png; name = hanulim2a.png; path = InputMethod/hanulim2a.png; sourceTree = "<group>"; };
		6014B57814A3BEC000E2A10D /* hanulim3.png */ = {isa = PBXFileReference; lastKnownFileType = image.png; name = hanulim3.png; path = InputMethod/hanulim3.png; sourceTree = "<group>"; };
		6014B57914A3BEC000E2A10D /* hanulim3a.png */ = {isa = PBXFileReference; lastKnownFileType = image.png; name = hanulim3a.png; path = InputMethod/hanulim3a.png; sourceTree = "<group>"; };
		6014B57A14A3BEC000E2A10D /* hanulim3n.png */ = {isa = PBXFileReference; lastKnownFileType = image.png; name = hanulim3n.png; path = InputMethod/hanulim3n.png; sourceTree = "<group>"; };
		6014B57B14A3BEC000E2A10D /* hanulim3o.png */ = {isa = PBXFileReference; lastKnownFileType = image.png; name = hanulim3o.png; path = InputMethod/hanulim3o.png; sourceTree = "<group>"; };
		602B176514D20FF300C60301 /* hanulim2.png */ = {isa = PBXFileReference; lastKnownFileType = image.png; name = hanulim2.png; path = InputMethod/hanulim2.png; sourceTree = "<group>"; };
		602B176614D20FF300C60301 /* hanulim2@2x.png */ = {isa = PBXFileReference; lastKnownFileType = image.png; name = "hanulim2@2x.png"; path = "InputMethod/hanulim2@2x.png"; sourceTree = "<group>"; };
		602B176714D20FF300C60301 /* hanulim2a.png */ = {isa = PBXFileReference; lastKnownFileType = image.png; name = hanulim2a.png; path = InputMethod/hanulim2a.png; sourceTree = "<group>"; };
		602B176814D20FF300C60301 /* hanulim2a@2x.png */ = {isa = PBXFileReference; lastKnownFileType = image.png; name = "hanulim2a@2x.png"; path = "InputMethod/hanulim2a@2x.png"; sourceTree = "<group>"; };
		602B176914D20FF300C60301 /* hanulim3.png */ = {isa = PBXFileReference; lastKnownFileType = image.png; name = hanulim3.png; path = InputMethod/hanulim3.png; sourceTree = "<group>"; };
		602B176A14D20FF300C60301 /* hanulim3@2x.png */ = {isa = PBXFileReference; lastKnownFileType = image.png; name = "hanulim3@2x.png"; path = "InputMethod/hanulim3@2x.png"; sourceTree = "<group>"; };
		602B176B14D20FF300C60301 /* hanulim3a.png */ = {isa = PBXFileReference; lastKnownFileType = image.png; name = hanulim3a.png; path = InputMethod/hanulim3a.png; sourceTree = "<group>"; };
		602B176C14D20FF300C60301 /* hanulim3a@2x.png */ = {isa = PBXFileReference; lastKnownFileType = image.png; name = "hanulim3a@2x.png"; path = "InputMethod/hanulim3a@2x.png"; sourceTree = "<group>"; };
		602B176D14D20FF300C60301 /* hanulim3n.png */ = {isa = PBXFileReference; lastKnownFileType = image.png; name = hanulim3n.png; path = InputMethod/hanulim3n.png; sourceTree = "<group>"; };
		602B176E14D20FF300C60301 /* hanulim3n@2x.png */ = {isa = PBXFileReference; lastKnownFileType = image.png; name = "hanulim3n@2x.png"; path = "InputMethod/hanulim3n@2x.png"; sourceTree = "<group>"; };
		602B176F14D20FF300C60301 /* hanulim3o.png */ = {isa = PBXFileReference; lastKnownFileType = image.png; name = hanulim3o.png; path = InputMethod/hanulim3o.png; sourceTree = "<group>"; };
		602B177014D20FF300C60301 /* hanulim3o@2x.png */ = {isa = PBXFileReference; lastKnownFileType = image.png; name = "hanulim3o@2x.png"; path = "InputMethod/hanulim3o@2x.png"; sourceTree = "<group>"; };
		60A1C37C14B70EAE001507C2 /* hanulim.png */ = {isa = PBXFileReference; lastKnownFileType = image.png; path = hanulim.png; sourceTree = "<group>"; };
		60A1C38014B70EB8001507C2 /* hanulim.icns */ = {isa = PBXFileReference; lastKnownFileType = image.icns; path = hanulim.icns; sourceTree = "<group>"; };
		74BEAC100E4A9FD6001AA535 /* ko */ = {isa = PBXFileReference; lastKnownFileType = file.xib; name = ko; path = InputMethod/ko.lproj/preferences.xib; sourceTree = "<group>"; };
		74BEAC150E4A9FEF001AA535 /* ko */ = {isa = PBXFileReference; lastKnownFileType = file.xib; name = ko; path = InputMethod/ko.lproj/MainMenu.xib; sourceTree = "<group>"; };
		74BEAC1A0E4AA010001AA535 /* ko */ = {isa = PBXFileReference; fileEncoding = 4; lastKnownFileType = text.plist.strings; name = ko; path = InputMethod/ko.lproj/InfoPlist.strings; sourceTree = "<group>"; };
		8D1107310486CEB800E47090 /* Info.plist */ = {isa = PBXFileReference; fileEncoding = 4; lastKnownFileType = text.plist.xml; name = Info.plist; path = InputMethod/Info.plist; sourceTree = "<group>"; };
		8D1107320486CEB800E47090 /* Hanulim.app */ = {isa = PBXFileReference; explicitFileType = wrapper.application; includeInIndex = 0; path = Hanulim.app; sourceTree = BUILT_PRODUCTS_DIR; };
		CF0576FA0E103B7400F8DA39 /* Abbrevs.xcdatamodel */ = {isa = PBXFileReference; fileEncoding = 4; lastKnownFileType = wrapper.xcdatamodel; path = Abbrevs.xcdatamodel; sourceTree = "<group>"; };
		CF3E85ED0E0BDE2F00F1116F /* AbbrevEdit.app */ = {isa = PBXFileReference; explicitFileType = wrapper.application; includeInIndex = 0; path = AbbrevEdit.app; sourceTree = BUILT_PRODUCTS_DIR; };
		CF3E86360E0BE2A900F1116F /* HNAppController.h */ = {isa = PBXFileReference; fileEncoding = 4; lastKnownFileType = sourcecode.c.h; name = HNAppController.h; path = InputMethod/HNAppController.h; sourceTree = "<group>"; };
		CF3E86420E0BE50100F1116F /* AbbrevEdit_Prefix.pch */ = {isa = PBXFileReference; fileEncoding = 4; lastKnownFileType = sourcecode.c.h; name = AbbrevEdit_Prefix.pch; path = AbbrevEdit/AbbrevEdit_Prefix.pch; sourceTree = "<group>"; };
		CF3E86430E0BE52100F1116F /* main.m */ = {isa = PBXFileReference; fileEncoding = 4; lastKnownFileType = sourcecode.c.objc; name = main.m; path = AbbrevEdit/main.m; sourceTree = "<group>"; };
		CF3E86450E0BE54900F1116F /* Info.plist */ = {isa = PBXFileReference; fileEncoding = 4; lastKnownFileType = text.plist.xml; name = Info.plist; path = AbbrevEdit/Info.plist; sourceTree = "<group>"; };
		CF3E864C0E0BE63100F1116F /* en */ = {isa = PBXFileReference; fileEncoding = 10; lastKnownFileType = text.plist.strings; name = en; path = AbbrevEdit/en.lproj/InfoPlist.strings; sourceTree = "<group>"; };
		CF3E86500E0BE67600F1116F /* en */ = {isa = PBXFileReference; lastKnownFileType = file.xib; name = en; path = AbbrevEdit/en.lproj/MainMenu.xib; sourceTree = "<group>"; };
		CF3E86520E0BE69500F1116F /* AEAppDelegate.h */ = {isa = PBXFileReference; fileEncoding = 4; lastKnownFileType = sourcecode.c.h; name = AEAppDelegate.h; path = AbbrevEdit/AEAppDelegate.h; sourceTree = "<group>"; };
		CF3E86530E0BE69500F1116F /* AEAppDelegate.m */ = {isa = PBXFileReference; fileEncoding = 4; lastKnownFileType = sourcecode.c.objc; name = AEAppDelegate.m; path = AbbrevEdit/AEAppDelegate.m; sourceTree = "<group>"; };
		CF4198950E12ADDF00A2BE4A /* abbrevtool */ = {isa = PBXFileReference; explicitFileType = "compiled.mach-o.executable"; includeInIndex = 0; path = abbrevtool; sourceTree = BUILT_PRODUCTS_DIR; };
		CF4198B00E12B41800A2BE4A /* abbrevtool_Prefix.pch */ = {isa = PBXFileReference; fileEncoding = 4; lastKnownFileType = sourcecode.c.h; name = abbrevtool_Prefix.pch; path = abbrevtool/abbrevtool_Prefix.pch; sourceTree = "<group>"; };
		CF4198B20E12B45600A2BE4A /* main.m */ = {isa = PBXFileReference; fileEncoding = 4; lastKnownFileType = sourcecode.c.objc; name = main.m; path = abbrevtool/main.m; sourceTree = "<group>"; };
		CF45B4950DF2896B00109833 /* HNDebug.h */ = {isa = PBXFileReference; fileEncoding = 4; lastKnownFileType = sourcecode.c.h; path = HNDebug.h; sourceTree = "<group>"; };
		CF4CD5D60CD50F3E00E2A2F5 /* HNInputController.h */ = {isa = PBXFileReference; fileEncoding = 4; lastKnownFileType = sourcecode.c.h; name = HNInputController.h; path = InputMethod/HNInputController.h; sourceTree = "<group>"; };
		CF4CD5D70CD50F3E00E2A2F5 /* HNInputController.m */ = {isa = PBXFileReference; fileEncoding = 4; lastKnownFileType = sourcecode.c.objc; name = HNInputController.m; path = InputMethod/HNInputController.m; sourceTree = "<group>"; };
		CF4CD5E10CD50F9700E2A2F5 /* InputMethodKit.framework */ = {isa = PBXFileReference; lastKnownFileType = wrapper.framework; name = InputMethodKit.framework; path = /System/Library/Frameworks/InputMethodKit.framework; sourceTree = "<absolute>"; };
		CF571FE60E1A56F20075397A /* HNCandidates.h */ = {isa = PBXFileReference; fileEncoding = 4; lastKnownFileType = sourcecode.c.h; name = HNCandidates.h; path = InputMethod/HNCandidates.h; sourceTree = "<group>"; };
		CF571FE70E1A56F20075397A /* HNCandidates.m */ = {isa = PBXFileReference; fileEncoding = 4; lastKnownFileType = sourcecode.c.objc; name = HNCandidates.m; path = InputMethod/HNCandidates.m; sourceTree = "<group>"; };
		CF63059D0E34F7C8009E6A72 /* HNUserDefaults.h */ = {isa = PBXFileReference; fileEncoding = 4; lastKnownFileType = sourcecode.c.h; name = HNUserDefaults.h; path = InputMethod/HNUserDefaults.h; sourceTree = "<group>"; };
		CF63059E0E34F7C8009E6A72 /* HNUserDefaults.m */ = {isa = PBXFileReference; fileEncoding = 4; lastKnownFileType = sourcecode.c.objc; name = HNUserDefaults.m; path = InputMethod/HNUserDefaults.m; sourceTree = "<group>"; };
		CFA3DEDA0E03BD5A00BF8CD5 /* HNCandidatesController.h */ = {isa = PBXFileReference; fileEncoding = 4; lastKnownFileType = sourcecode.c.h; name = HNCandidatesController.h; path = InputMethod/HNCandidatesController.h; sourceTree = "<group>"; };
		CFA3DEDB0E03BD5A00BF8CD5 /* HNCandidatesController.m */ = {isa = PBXFileReference; fileEncoding = 4; lastKnownFileType = sourcecode.c.objc; name = HNCandidatesController.m; path = InputMethod/HNCandidatesController.m; sourceTree = "<group>"; };
		CFCD185E0CD613DA00213F4E /* HNAppController.m */ = {isa = PBXFileReference; fileEncoding = 4; lastKnownFileType = sourcecode.c.objc; name = HNAppController.m; path = InputMethod/HNAppController.m; sourceTree = "<group>"; };
		CFCD19C40CDA333A00213F4E /* HNInputContext.h */ = {isa = PBXFileReference; fileEncoding = 4; lastKnownFileType = sourcecode.c.h; name = HNInputContext.h; path = InputMethod/HNInputContext.h; sourceTree = "<group>"; };
		CFCD19C50CDA333A00213F4E /* HNInputContext.m */ = {isa = PBXFileReference; fileEncoding = 4; lastKnownFileType = sourcecode.c.objc; name = HNInputContext.m; path = InputMethod/HNInputContext.m; sourceTree = "<group>"; };
		CFD7D0490DF716A100D0C515 /* en */ = {isa = PBXFileReference; lastKnownFileType = file.xib; name = en; path = InputMethod/en.lproj/MainMenu.xib; sourceTree = "<group>"; };
		CFD961C70E1675B0006710FF /* ATImport.h */ = {isa = PBXFileReference; fileEncoding = 4; lastKnownFileType = sourcecode.c.h; name = ATImport.h; path = abbrevtool/ATImport.h; sourceTree = "<group>"; };
		CFD961C80E1675B0006710FF /* ATImport.m */ = {isa = PBXFileReference; fileEncoding = 4; lastKnownFileType = sourcecode.c.objc; name = ATImport.m; path = abbrevtool/ATImport.m; sourceTree = "<group>"; };
		CFE976360E0E07C0000061D6 /* HNDataController.h */ = {isa = PBXFileReference; fileEncoding = 4; lastKnownFileType = sourcecode.c.h; path = HNDataController.h; sourceTree = "<group>"; };
		CFE976370E0E07C0000061D6 /* HNDataController.m */ = {isa = PBXFileReference; fileEncoding = 4; lastKnownFileType = sourcecode.c.objc; path = HNDataController.m; sourceTree = "<group>"; };
		CFF8A69A0E20EFC500DD47E7 /* en */ = {isa = PBXFileReference; lastKnownFileType = file.xib; name = en; path = InputMethod/en.lproj/preferences.xib; sourceTree = "<group>"; };
/* End PBXFileReference section */

/* Begin PBXFrameworksBuildPhase section */
		8D11072E0486CEB800E47090 /* Frameworks */ = {
			isa = PBXFrameworksBuildPhase;
			buildActionMask = 2147483647;
			files = (
				8D11072F0486CEB800E47090 /* Cocoa.framework in Frameworks */,
				CF4CD5E20CD50F9700E2A2F5 /* InputMethodKit.framework in Frameworks */,
			);
			runOnlyForDeploymentPostprocessing = 0;
		};
		CF3E85EB0E0BDE2F00F1116F /* Frameworks */ = {
			isa = PBXFrameworksBuildPhase;
			buildActionMask = 2147483647;
			files = (
				CF3E863D0E0BE3E000F1116F /* Cocoa.framework in Frameworks */,
			);
			runOnlyForDeploymentPostprocessing = 0;
		};
		CF4198930E12ADDF00A2BE4A /* Frameworks */ = {
			isa = PBXFrameworksBuildPhase;
			buildActionMask = 2147483647;
			files = (
				CF4198C10E14584500A2BE4A /* CoreData.framework in Frameworks */,
				CF4198C40E1459F200A2BE4A /* Foundation.framework in Frameworks */,
			);
			runOnlyForDeploymentPostprocessing = 0;
		};
/* End PBXFrameworksBuildPhase section */

/* Begin PBXGroup section */
		080E96DDFE201D6D7F000001 /* Classes */ = {
			isa = PBXGroup;
			children = (
				CF3E86360E0BE2A900F1116F /* HNAppController.h */,
				CFCD185E0CD613DA00213F4E /* HNAppController.m */,
				CF4CD5D60CD50F3E00E2A2F5 /* HNInputController.h */,
				CF4CD5D70CD50F3E00E2A2F5 /* HNInputController.m */,
				CFCD19C40CDA333A00213F4E /* HNInputContext.h */,
				CFCD19C50CDA333A00213F4E /* HNInputContext.m */,
				CFA3DEDA0E03BD5A00BF8CD5 /* HNCandidatesController.h */,
				CFA3DEDB0E03BD5A00BF8CD5 /* HNCandidatesController.m */,
				CF571FE60E1A56F20075397A /* HNCandidates.h */,
				CF571FE70E1A56F20075397A /* HNCandidates.m */,
				CF63059D0E34F7C8009E6A72 /* HNUserDefaults.h */,
				CF63059E0E34F7C8009E6A72 /* HNUserDefaults.m */,
			);
			name = Classes;
			sourceTree = "<group>";
		};
		1058C7A0FEA54F0111CA2CBB /* Linked Frameworks */ = {
			isa = PBXGroup;
			children = (
				1058C7A1FEA54F0111CA2CBB /* Cocoa.framework */,
				CF4CD5E10CD50F9700E2A2F5 /* InputMethodKit.framework */,
			);
			name = "Linked Frameworks";
			sourceTree = "<group>";
		};
		1058C7A2FEA54F0111CA2CBB /* Other Frameworks */ = {
			isa = PBXGroup;
			children = (
				29B97324FDCFA39411CA2CEA /* AppKit.framework */,
				13E42FB307B3F0F600E4EEF1 /* CoreData.framework */,
				29B97325FDCFA39411CA2CEA /* Foundation.framework */,
			);
			name = "Other Frameworks";
			sourceTree = "<group>";
		};
		19C28FACFE9D520D11CA2CBB /* Products */ = {
			isa = PBXGroup;
			children = (
				8D1107320486CEB800E47090 /* Hanulim.app */,
				CF3E85ED0E0BDE2F00F1116F /* AbbrevEdit.app */,
				CF4198950E12ADDF00A2BE4A /* abbrevtool */,
			);
			name = Products;
			sourceTree = "<group>";
		};
		29B97314FDCFA39411CA2CEA /* Hanulim */ = {
			isa = PBXGroup;
			children = (
				CFA3DEC20E02F52300BF8CD5 /* Model */,
				CF3E860B0E0BE1B700F1116F /* Shared Sources */,
				CF4198AB0E12B39800A2BE4A /* abbrevtool */,
				CF3E85DF0E0BD96500F1116F /* AbbrevEdit */,
				CF3E85DE0E0BD94900F1116F /* InputMethod */,
				29B97323FDCFA39411CA2CEA /* Frameworks */,
				19C28FACFE9D520D11CA2CBB /* Products */,
			);
			name = Hanulim;
			sourceTree = "<group>";
		};
		29B97315FDCFA39411CA2CEA /* Other Sources */ = {
			isa = PBXGroup;
			children = (
				32CA4F630368D1EE00C91783 /* Hanulim_Prefix.pch */,
				29B97316FDCFA39411CA2CEA /* main.m */,
			);
			name = "Other Sources";
			sourceTree = "<group>";
		};
		29B97317FDCFA39411CA2CEA /* Resources */ = {
			isa = PBXGroup;
			children = (
				60A1C37C14B70EAE001507C2 /* hanulim.png */,
				60A1C38014B70EB8001507C2 /* hanulim.icns */,
				602B176514D20FF300C60301 /* hanulim2.png */,
				602B176614D20FF300C60301 /* hanulim2@2x.png */,
				602B176714D20FF300C60301 /* hanulim2a.png */,
				602B176814D20FF300C60301 /* hanulim2a@2x.png */,
				602B176914D20FF300C60301 /* hanulim3.png */,
				602B176A14D20FF300C60301 /* hanulim3@2x.png */,
				602B176B14D20FF300C60301 /* hanulim3a.png */,
				602B176C14D20FF300C60301 /* hanulim3a@2x.png */,
				602B176D14D20FF300C60301 /* hanulim3n.png */,
				602B176E14D20FF300C60301 /* hanulim3n@2x.png */,
				602B176F14D20FF300C60301 /* hanulim3o.png */,
				602B177014D20FF300C60301 /* hanulim3o@2x.png */,
				6014B57714A3BEC000E2A10D /* hanulim2a.png */,
				6014B57814A3BEC000E2A10D /* hanulim3.png */,
				6014B57914A3BEC000E2A10D /* hanulim3a.png */,
				6014B57A14A3BEC000E2A10D /* hanulim3n.png */,
				6014B57B14A3BEC000E2A10D /* hanulim3o.png */,
				8D1107310486CEB800E47090 /* Info.plist */,
				74BEAC180E4AA00A001AA535 /* InfoPlist.strings */,
				74BEAC130E4A9FEA001AA535 /* MainMenu.xib */,
				74BEAC0D0E4A9FB5001AA535 /* preferences.xib */,
			);
			name = Resources;
			sourceTree = "<group>";
		};
		29B97323FDCFA39411CA2CEA /* Frameworks */ = {
			isa = PBXGroup;
			children = (
				1058C7A0FEA54F0111CA2CBB /* Linked Frameworks */,
				1058C7A2FEA54F0111CA2CBB /* Other Frameworks */,
			);
			name = Frameworks;
			sourceTree = "<group>";
		};
		CF3E85DE0E0BD94900F1116F /* InputMethod */ = {
			isa = PBXGroup;
			children = (
				080E96DDFE201D6D7F000001 /* Classes */,
				29B97315FDCFA39411CA2CEA /* Other Sources */,
				29B97317FDCFA39411CA2CEA /* Resources */,
			);
			name = InputMethod;
			sourceTree = "<group>";
		};
		CF3E85DF0E0BD96500F1116F /* AbbrevEdit */ = {
			isa = PBXGroup;
			children = (
				CF3E863F0E0BE4C900F1116F /* Classes */,
				CF3E86400E0BE4D000F1116F /* Other Sources */,
				CF3E86410E0BE4DD00F1116F /* Resources */,
			);
			name = AbbrevEdit;
			sourceTree = "<group>";
		};
		CF3E860B0E0BE1B700F1116F /* Shared Sources */ = {
			isa = PBXGroup;
			children = (
				CF45B4950DF2896B00109833 /* HNDebug.h */,
				CFE976360E0E07C0000061D6 /* HNDataController.h */,
				CFE976370E0E07C0000061D6 /* HNDataController.m */,
			);
			name = "Shared Sources";
			sourceTree = "<group>";
		};
		CF3E863F0E0BE4C900F1116F /* Classes */ = {
			isa = PBXGroup;
			children = (
				CF3E86520E0BE69500F1116F /* AEAppDelegate.h */,
				CF3E86530E0BE69500F1116F /* AEAppDelegate.m */,
			);
			name = Classes;
			sourceTree = "<group>";
		};
		CF3E86400E0BE4D000F1116F /* Other Sources */ = {
			isa = PBXGroup;
			children = (
				CF3E86420E0BE50100F1116F /* AbbrevEdit_Prefix.pch */,
				CF3E86430E0BE52100F1116F /* main.m */,
			);
			name = "Other Sources";
			sourceTree = "<group>";
		};
		CF3E86410E0BE4DD00F1116F /* Resources */ = {
			isa = PBXGroup;
			children = (
				CF3E86450E0BE54900F1116F /* Info.plist */,
				CF3E864B0E0BE63100F1116F /* InfoPlist.strings */,
				CF3E864F0E0BE67600F1116F /* MainMenu.xib */,
			);
			name = Resources;
			sourceTree = "<group>";
		};
		CF4198AB0E12B39800A2BE4A /* abbrevtool */ = {
			isa = PBXGroup;
			children = (
				CFD961C60E16754D006710FF /* Classes */,
				CF4198B10E12B42800A2BE4A /* Other Sources */,
			);
			name = abbrevtool;
			sourceTree = "<group>";
		};
		CF4198B10E12B42800A2BE4A /* Other Sources */ = {
			isa = PBXGroup;
			children = (
				CF4198B00E12B41800A2BE4A /* abbrevtool_Prefix.pch */,
				CF4198B20E12B45600A2BE4A /* main.m */,
			);
			name = "Other Sources";
			sourceTree = "<group>";
		};
		CFA3DEC20E02F52300BF8CD5 /* Model */ = {
			isa = PBXGroup;
			children = (
				CF0576FA0E103B7400F8DA39 /* Abbrevs.xcdatamodel */,
			);
			name = Model;
			sourceTree = "<group>";
		};
		CFD961C60E16754D006710FF /* Classes */ = {
			isa = PBXGroup;
			children = (
				CFD961C70E1675B0006710FF /* ATImport.h */,
				CFD961C80E1675B0006710FF /* ATImport.m */,
			);
			name = Classes;
			sourceTree = "<group>";
		};
/* End PBXGroup section */

/* Begin PBXNativeTarget section */
		8D1107260486CEB800E47090 /* Hanulim */ = {
			isa = PBXNativeTarget;
			buildConfigurationList = C01FCF4A08A954540054247B /* Build configuration list for PBXNativeTarget "Hanulim" */;
			buildPhases = (
				8D1107290486CEB800E47090 /* Resources */,
				8D11072C0486CEB800E47090 /* Sources */,
				8D11072E0486CEB800E47090 /* Frameworks */,
				CF3E86660E0BEEA600F1116F /* Copy Files */,
			);
			buildRules = (
			);
			dependencies = (
				CF41989C0E12B2F100A2BE4A /* PBXTargetDependency */,
				CF3E86030E0BDEB600F1116F /* PBXTargetDependency */,
			);
			name = Hanulim;
			productInstallPath = "$(HOME)/Applications";
			productName = Hanulim;
			productReference = 8D1107320486CEB800E47090 /* Hanulim.app */;
			productType = "com.apple.product-type.application";
		};
		CF3E85EC0E0BDE2F00F1116F /* AbbrevEdit */ = {
			isa = PBXNativeTarget;
			buildConfigurationList = CF3E85F20E0BDE3000F1116F /* Build configuration list for PBXNativeTarget "AbbrevEdit" */;
			buildPhases = (
				CF3E85E90E0BDE2F00F1116F /* Resources */,
				CF3E85EA0E0BDE2F00F1116F /* Sources */,
				CF3E85EB0E0BDE2F00F1116F /* Frameworks */,
			);
			buildRules = (
			);
			dependencies = (
			);
			name = AbbrevEdit;
			productName = AbbrevEdit;
			productReference = CF3E85ED0E0BDE2F00F1116F /* AbbrevEdit.app */;
			productType = "com.apple.product-type.application";
		};
		CF4198940E12ADDF00A2BE4A /* abbrevtool */ = {
			isa = PBXNativeTarget;
			buildConfigurationList = CF4198990E12ADEA00A2BE4A /* Build configuration list for PBXNativeTarget "abbrevtool" */;
			buildPhases = (
				CF4198920E12ADDF00A2BE4A /* Sources */,
				CF4198930E12ADDF00A2BE4A /* Frameworks */,
			);
			buildRules = (
			);
			dependencies = (
			);
			name = abbrevtool;
			productName = abbrevtool;
			productReference = CF4198950E12ADDF00A2BE4A /* abbrevtool */;
			productType = "com.apple.product-type.tool";
		};
/* End PBXNativeTarget section */

/* Begin PBXProject section */
		29B97313FDCFA39411CA2CEA /* Project object */ = {
			isa = PBXProject;
			attributes = {
			};
			buildConfigurationList = C01FCF4E08A954540054247B /* Build configuration list for PBXProject "Hanulim" */;
			compatibilityVersion = "Xcode 3.0";
			developmentRegion = en;
			hasScannedForEncodings = 1;
			knownRegions = (
				English,
				Japanese,
				French,
				German,
				ko,
				Korean,
				"ko-KR",
			);
			mainGroup = 29B97314FDCFA39411CA2CEA /* Hanulim */;
			projectDirPath = "";
			projectRoot = "";
			targets = (
				8D1107260486CEB800E47090 /* Hanulim */,
				CF3E85EC0E0BDE2F00F1116F /* AbbrevEdit */,
				CF4198940E12ADDF00A2BE4A /* abbrevtool */,
			);
		};
/* End PBXProject section */

/* Begin PBXResourcesBuildPhase section */
		8D1107290486CEB800E47090 /* Resources */ = {
			isa = PBXResourcesBuildPhase;
			buildActionMask = 2147483647;
			files = (
				CF675A4B143223D500295A97 /* abbrevtool in Resources */,
				74BEAC190E4AA00A001AA535 /* InfoPlist.strings in Resources */,
				74BEAC140E4A9FEA001AA535 /* MainMenu.xib in Resources */,
				74BEAC0E0E4A9FB5001AA535 /* preferences.xib in Resources */,
				6014B57E14A3BEC000E2A10D /* hanulim2a.png in Resources */,
				6014B57F14A3BEC000E2A10D /* hanulim3.png in Resources */,
				6014B58014A3BEC000E2A10D /* hanulim3a.png in Resources */,
				6014B58114A3BEC000E2A10D /* hanulim3n.png in Resources */,
				6014B58214A3BEC000E2A10D /* hanulim3o.png in Resources */,
				60A1C37E14B70EAE001507C2 /* hanulim.png in Resources */,
				60A1C38114B70EB8001507C2 /* hanulim.icns in Resources */,
				602B177114D20FF300C60301 /* hanulim2.png in Resources */,
				602B177214D20FF300C60301 /* hanulim2@2x.png in Resources */,
				602B177314D20FF300C60301 /* hanulim2a.png in Resources */,
				602B177414D20FF300C60301 /* hanulim2a@2x.png in Resources */,
				602B177514D20FF300C60301 /* hanulim3.png in Resources */,
				602B177614D20FF300C60301 /* hanulim3@2x.png in Resources */,
				602B177714D20FF300C60301 /* hanulim3a.png in Resources */,
				602B177814D20FF300C60301 /* hanulim3a@2x.png in Resources */,
				602B177914D20FF300C60301 /* hanulim3n.png in Resources */,
				602B177A14D20FF300C60301 /* hanulim3n@2x.png in Resources */,
				602B177B14D20FF300C60301 /* hanulim3o.png in Resources */,
				602B177C14D20FF300C60301 /* hanulim3o@2x.png in Resources */,
			);
			runOnlyForDeploymentPostprocessing = 0;
		};
		CF3E85E90E0BDE2F00F1116F /* Resources */ = {
			isa = PBXResourcesBuildPhase;
			buildActionMask = 2147483647;
			files = (
				CF3E864D0E0BE63100F1116F /* InfoPlist.strings in Resources */,
				CF3E86510E0BE67600F1116F /* MainMenu.xib in Resources */,
			);
			runOnlyForDeploymentPostprocessing = 0;
		};
/* End PBXResourcesBuildPhase section */

/* Begin PBXSourcesBuildPhase section */
		8D11072C0486CEB800E47090 /* Sources */ = {
			isa = PBXSourcesBuildPhase;
			buildActionMask = 2147483647;
			files = (
				8D11072D0486CEB800E47090 /* main.m in Sources */,
				CF4CD5DA0CD50F3E00E2A2F5 /* HNInputController.m in Sources */,
				CFCD185F0CD613DA00213F4E /* HNAppController.m in Sources */,
				CFCD19C60CDA333A00213F4E /* HNInputContext.m in Sources */,
				CFA3DEDC0E03BD5A00BF8CD5 /* HNCandidatesController.m in Sources */,
				CFE976490E0E0EF8000061D6 /* HNDataController.m in Sources */,
				CF4198760E1048DC00A2BE4A /* Abbrevs.xcdatamodel in Sources */,
				CF571FE80E1A56F20075397A /* HNCandidates.m in Sources */,
				CF63059F0E34F7C8009E6A72 /* HNUserDefaults.m in Sources */,
			);
			runOnlyForDeploymentPostprocessing = 0;
		};
		CF3E85EA0E0BDE2F00F1116F /* Sources */ = {
			isa = PBXSourcesBuildPhase;
			buildActionMask = 2147483647;
			files = (
				CF3E86440E0BE52100F1116F /* main.m in Sources */,
				CF3E86540E0BE69500F1116F /* AEAppDelegate.m in Sources */,
				CFE976380E0E07C0000061D6 /* HNDataController.m in Sources */,
				CF0576FB0E103B7400F8DA39 /* Abbrevs.xcdatamodel in Sources */,
			);
			runOnlyForDeploymentPostprocessing = 0;
		};
		CF4198920E12ADDF00A2BE4A /* Sources */ = {
			isa = PBXSourcesBuildPhase;
			buildActionMask = 2147483647;
			files = (
				CF4198B30E12B45600A2BE4A /* main.m in Sources */,
				CF4198B80E14576C00A2BE4A /* Abbrevs.xcdatamodel in Sources */,
				CF4198B90E14577E00A2BE4A /* HNDataController.m in Sources */,
				CFD961C90E1675B0006710FF /* ATImport.m in Sources */,
			);
			runOnlyForDeploymentPostprocessing = 0;
		};
/* End PBXSourcesBuildPhase section */

/* Begin PBXTargetDependency section */
		CF3E86030E0BDEB600F1116F /* PBXTargetDependency */ = {
			isa = PBXTargetDependency;
			target = CF3E85EC0E0BDE2F00F1116F /* AbbrevEdit */;
			targetProxy = CF3E86020E0BDEB600F1116F /* PBXContainerItemProxy */;
		};
		CF41989C0E12B2F100A2BE4A /* PBXTargetDependency */ = {
			isa = PBXTargetDependency;
			target = CF4198940E12ADDF00A2BE4A /* abbrevtool */;
			targetProxy = CF41989B0E12B2F100A2BE4A /* PBXContainerItemProxy */;
		};
/* End PBXTargetDependency section */

/* Begin PBXVariantGroup section */
		74BEAC0D0E4A9FB5001AA535 /* preferences.xib */ = {
			isa = PBXVariantGroup;
			children = (
				CFF8A69A0E20EFC500DD47E7 /* en */,
				74BEAC100E4A9FD6001AA535 /* ko */,
			);
			name = preferences.xib;
			sourceTree = "<group>";
		};
		74BEAC130E4A9FEA001AA535 /* MainMenu.xib */ = {
			isa = PBXVariantGroup;
			children = (
				CFD7D0490DF716A100D0C515 /* en */,
				74BEAC150E4A9FEF001AA535 /* ko */,
			);
			name = MainMenu.xib;
			sourceTree = "<group>";
		};
		74BEAC180E4AA00A001AA535 /* InfoPlist.strings */ = {
			isa = PBXVariantGroup;
			children = (
				089C165DFE840E0CC02AAC07 /* en */,
				74BEAC1A0E4AA010001AA535 /* ko */,
			);
			name = InfoPlist.strings;
			sourceTree = "<group>";
		};
		CF3E864B0E0BE63100F1116F /* InfoPlist.strings */ = {
			isa = PBXVariantGroup;
			children = (
				CF3E864C0E0BE63100F1116F /* en */,
			);
			name = InfoPlist.strings;
			sourceTree = "<group>";
		};
		CF3E864F0E0BE67600F1116F /* MainMenu.xib */ = {
			isa = PBXVariantGroup;
			children = (
				CF3E86500E0BE67600F1116F /* en */,
			);
			name = MainMenu.xib;
			sourceTree = "<group>";
		};
/* End PBXVariantGroup section */

/* Begin XCBuildConfiguration section */
		C01FCF4B08A954540054247B /* Debug */ = {
			isa = XCBuildConfiguration;
			buildSettings = {
				COPY_PHASE_STRIP = NO;
				GCC_DYNAMIC_NO_PIC = NO;
				GCC_ENABLE_FIX_AND_CONTINUE = YES;
				GCC_MODEL_TUNING = G5;
				GCC_OPTIMIZATION_LEVEL = 0;
				GCC_PRECOMPILE_PREFIX_HEADER = YES;
				GCC_PREFIX_HEADER = InputMethod/Hanulim_Prefix.pch;
				INFOPLIST_FILE = InputMethod/Info.plist;
				INSTALL_PATH = "$(HOME)/Applications";
				PRODUCT_NAME = Hanulim;
				WRAPPER_EXTENSION = app;
				ZERO_LINK = NO;
			};
			name = Debug;
		};
		C01FCF4C08A954540054247B /* Release */ = {
			isa = XCBuildConfiguration;
			buildSettings = {
				DEBUG_INFORMATION_FORMAT = "dwarf-with-dsym";
				GCC_MODEL_TUNING = G5;
				GCC_PRECOMPILE_PREFIX_HEADER = YES;
				GCC_PREFIX_HEADER = InputMethod/Hanulim_Prefix.pch;
				INFOPLIST_FILE = InputMethod/Info.plist;
				INSTALL_PATH = "$(HOME)/Applications";
				PRODUCT_NAME = Hanulim;
				WRAPPER_EXTENSION = app;
			};
			name = Release;
		};
		C01FCF4F08A954540054247B /* Debug */ = {
			isa = XCBuildConfiguration;
			buildSettings = {
				ARCHS = "$(ARCHS_STANDARD)";
				GCC_PREPROCESSOR_DEFINITIONS = DEBUG;
				GCC_VERSION = "";
				GCC_WARN_ABOUT_RETURN_TYPE = YES;
				GCC_WARN_UNUSED_VARIABLE = YES;
				MACOSX_DEPLOYMENT_TARGET = 10.7;
				PREBINDING = NO;
				SDKROOT = macosx;
			};
			name = Debug;
		};
		C01FCF5008A954540054247B /* Release */ = {
			isa = XCBuildConfiguration;
			buildSettings = {
				ARCHS = "$(ARCHS_STANDARD)";
				ENABLE_NS_ASSERTIONS = NO;
				GCC_PREPROCESSOR_DEFINITIONS = NDEBUG;
				GCC_VERSION = "";
				GCC_WARN_ABOUT_RETURN_TYPE = YES;
				GCC_WARN_UNUSED_VARIABLE = YES;
				MACOSX_DEPLOYMENT_TARGET = 10.7;
				PREBINDING = NO;
				SDKROOT = macosx;
			};
			name = Release;
		};
		CF3E85F00E0BDE3000F1116F /* Debug */ = {
			isa = XCBuildConfiguration;
			buildSettings = {
				ALWAYS_SEARCH_USER_PATHS = NO;
				COPY_PHASE_STRIP = NO;
				GCC_DYNAMIC_NO_PIC = NO;
				GCC_ENABLE_FIX_AND_CONTINUE = YES;
				GCC_MODEL_TUNING = G5;
				GCC_OPTIMIZATION_LEVEL = 0;
				GCC_PRECOMPILE_PREFIX_HEADER = YES;
				GCC_PREFIX_HEADER = AbbrevEdit/AbbrevEdit_Prefix.pch;
				INFOPLIST_FILE = AbbrevEdit/Info.plist;
				INSTALL_PATH = "$(HOME)/Applications";
				PREBINDING = NO;
				PRODUCT_NAME = AbbrevEdit;
			};
			name = Debug;
		};
		CF3E85F10E0BDE3000F1116F /* Release */ = {
			isa = XCBuildConfiguration;
			buildSettings = {
				ALWAYS_SEARCH_USER_PATHS = NO;
				COPY_PHASE_STRIP = YES;
				DEBUG_INFORMATION_FORMAT = "dwarf-with-dsym";
				GCC_ENABLE_FIX_AND_CONTINUE = NO;
				GCC_MODEL_TUNING = G5;
				GCC_PRECOMPILE_PREFIX_HEADER = YES;
				GCC_PREFIX_HEADER = AbbrevEdit/AbbrevEdit_Prefix.pch;
				INFOPLIST_FILE = AbbrevEdit/Info.plist;
				INSTALL_PATH = "$(HOME)/Applications";
				PREBINDING = NO;
				PRODUCT_NAME = AbbrevEdit;
				ZERO_LINK = NO;
			};
			name = Release;
		};
		CF4198970E12ADE600A2BE4A /* Debug */ = {
			isa = XCBuildConfiguration;
			buildSettings = {
				ALWAYS_SEARCH_USER_PATHS = NO;
				COPY_PHASE_STRIP = NO;
				GCC_DYNAMIC_NO_PIC = NO;
				GCC_ENABLE_FIX_AND_CONTINUE = YES;
				GCC_MODEL_TUNING = G5;
				GCC_OPTIMIZATION_LEVEL = 0;
				GCC_PRECOMPILE_PREFIX_HEADER = YES;
				GCC_PREFIX_HEADER = abbrevtool/abbrevtool_Prefix.pch;
				INSTALL_PATH = /usr/local/bin;
				PREBINDING = NO;
				PRODUCT_NAME = abbrevtool;
			};
			name = Debug;
		};
		CF4198980E12ADE600A2BE4A /* Release */ = {
			isa = XCBuildConfiguration;
			buildSettings = {
				ALWAYS_SEARCH_USER_PATHS = NO;
				COPY_PHASE_STRIP = YES;
				DEBUG_INFORMATION_FORMAT = "dwarf-with-dsym";
				GCC_ENABLE_FIX_AND_CONTINUE = NO;
				GCC_MODEL_TUNING = G5;
				GCC_PRECOMPILE_PREFIX_HEADER = YES;
				GCC_PREFIX_HEADER = abbrevtool/abbrevtool_Prefix.pch;
				INSTALL_PATH = /usr/local/bin;
				PREBINDING = NO;
				PRODUCT_NAME = abbrevtool;
				ZERO_LINK = NO;
			};
			name = Release;
		};
/* End XCBuildConfiguration section */

/* Begin XCConfigurationList section */
		C01FCF4A08A954540054247B /* Build configuration list for PBXNativeTarget "Hanulim" */ = {
			isa = XCConfigurationList;
			buildConfigurations = (
				C01FCF4B08A954540054247B /* Debug */,
				C01FCF4C08A954540054247B /* Release */,
			);
			defaultConfigurationIsVisible = 0;
			defaultConfigurationName = Release;
		};
		C01FCF4E08A954540054247B /* Build configuration list for PBXProject "Hanulim" */ = {
			isa = XCConfigurationList;
			buildConfigurations = (
				C01FCF4F08A954540054247B /* Debug */,
				C01FCF5008A954540054247B /* Release */,
			);
			defaultConfigurationIsVisible = 0;
			defaultConfigurationName = Release;
		};
		CF3E85F20E0BDE3000F1116F /* Build configuration list for PBXNativeTarget "AbbrevEdit" */ = {
			isa = XCConfigurationList;
			buildConfigurations = (
				CF3E85F00E0BDE3000F1116F /* Debug */,
				CF3E85F10E0BDE3000F1116F /* Release */,
			);
			defaultConfigurationIsVisible = 0;
			defaultConfigurationName = Release;
		};
		CF4198990E12ADEA00A2BE4A /* Build configuration list for PBXNativeTarget "abbrevtool" */ = {
			isa = XCConfigurationList;
			buildConfigurations = (
				CF4198970E12ADE600A2BE4A /* Debug */,
				CF4198980E12ADE600A2BE4A /* Release */,
			);
			defaultConfigurationIsVisible = 0;
			defaultConfigurationName = Release;
		};
/* End XCConfigurationList section */
	};
	rootObject = 29B97313FDCFA39411CA2CEA /* Project object */;
}
